
Microsoft Visual Studio Solution File, Format Version 12.00
# Visual Studio Version 17
VisualStudioVersion = 17.0.31903.59
MinimumVisualStudioVersion = 10.0.40219.1
Project("{2150E333-8FDC-42A3-9474-1A3956D46DE8}") = "Src", "Src", "{5F718ED4-49BF-4BC4-8453-F024E2041348}"
EndProject
Project("{9A19103F-16F7-4668-BE54-9A1E7A4F7556}") = "ShopApi", "Src\ShopApi\ShopApi.csproj", "{DD285309-2656-4139-AC87-CF25F099191B}"
EndProject
Project("{2150E333-8FDC-42A3-9474-1A3956D46DE8}") = "Tests", "Tests", "{9767FB9A-00C6-41FE-B329-98881DD72E60}"
EndProject
Project("{9A19103F-16F7-4668-BE54-9A1E7A4F7556}") = "ShopApi.Tests", "Tests\ShopApi.Tests\ShopApi.Tests.csproj", "{CC5F708A-D601-4189-BD59-FC39EAAD94D8}"
EndProject
Project("{2150E333-8FDC-42A3-9474-1A3956D46DE8}") = "Docs", "Docs", "{EFB7BAB3-A736-40A2-9883-6B40603C01BC}"
	ProjectSection(SolutionItems) = preProject
		ToDo.txt = ToDo.txt
	EndProjectSection
EndProject
Project("{9A19103F-16F7-4668-BE54-9A1E7A4F7556}") = "IntegrationTest", "IntegrationTest\IntegrationTest.csproj", "{11B9B322-AAA7-4D4D-B69E-A5799F186A3A}"
EndProject
Project("{FAE04EC0-301F-11D3-BF4B-00C04F79EFBC}") = "Domain", "Domain\Domain.csproj", "{F890F670-3D32-4ED6-95FD-C7471DA59D78}"
EndProject
Project("{FAE04EC0-301F-11D3-BF4B-00C04F79EFBC}") = "Application", "Application\Application.csproj", "{2A08B252-BE84-4707-84AE-C48DE829DB8F}"
EndProject
Global
	GlobalSection(SolutionConfigurationPlatforms) = preSolution
		Debug|Any CPU = Debug|Any CPU
		Release|Any CPU = Release|Any CPU
	EndGlobalSection
	GlobalSection(ProjectConfigurationPlatforms) = postSolution
		{DD285309-2656-4139-AC87-CF25F099191B}.Debug|Any CPU.ActiveCfg = Debug|Any CPU
		{DD285309-2656-4139-AC87-CF25F099191B}.Debug|Any CPU.Build.0 = Debug|Any CPU
		{DD285309-2656-4139-AC87-CF25F099191B}.Release|Any CPU.ActiveCfg = Release|Any CPU
		{DD285309-2656-4139-AC87-CF25F099191B}.Release|Any CPU.Build.0 = Release|Any CPU
		{CC5F708A-D601-4189-BD59-FC39EAAD94D8}.Debug|Any CPU.ActiveCfg = Debug|Any CPU
		{CC5F708A-D601-4189-BD59-FC39EAAD94D8}.Debug|Any CPU.Build.0 = Debug|Any CPU
		{CC5F708A-D601-4189-BD59-FC39EAAD94D8}.Release|Any CPU.ActiveCfg = Release|Any CPU
		{CC5F708A-D601-4189-BD59-FC39EAAD94D8}.Release|Any CPU.Build.0 = Release|Any CPU
		{11B9B322-AAA7-4D4D-B69E-A5799F186A3A}.Debug|Any CPU.ActiveCfg = Debug|Any CPU
		{11B9B322-AAA7-4D4D-B69E-A5799F186A3A}.Debug|Any CPU.Build.0 = Debug|Any CPU
		{11B9B322-AAA7-4D4D-B69E-A5799F186A3A}.Release|Any CPU.ActiveCfg = Release|Any CPU
		{11B9B322-AAA7-4D4D-B69E-A5799F186A3A}.Release|Any CPU.Build.0 = Release|Any CPU
		{F890F670-3D32-4ED6-95FD-C7471DA59D78}.Debug|Any CPU.ActiveCfg = Debug|Any CPU
		{F890F670-3D32-4ED6-95FD-C7471DA59D78}.Debug|Any CPU.Build.0 = Debug|Any CPU
		{F890F670-3D32-4ED6-95FD-C7471DA59D78}.Release|Any CPU.ActiveCfg = Release|Any CPU
		{F890F670-3D32-4ED6-95FD-C7471DA59D78}.Release|Any CPU.Build.0 = Release|Any CPU
		{2A08B252-BE84-4707-84AE-C48DE829DB8F}.Debug|Any CPU.ActiveCfg = Debug|Any CPU
		{2A08B252-BE84-4707-84AE-C48DE829DB8F}.Debug|Any CPU.Build.0 = Debug|Any CPU
		{2A08B252-BE84-4707-84AE-C48DE829DB8F}.Release|Any CPU.ActiveCfg = Release|Any CPU
		{2A08B252-BE84-4707-84AE-C48DE829DB8F}.Release|Any CPU.Build.0 = Release|Any CPU
	EndGlobalSection
	GlobalSection(SolutionProperties) = preSolution
		HideSolutionNode = FALSE
	EndGlobalSection
	GlobalSection(NestedProjects) = preSolution
		{DD285309-2656-4139-AC87-CF25F099191B} = {5F718ED4-49BF-4BC4-8453-F024E2041348}
		{CC5F708A-D601-4189-BD59-FC39EAAD94D8} = {9767FB9A-00C6-41FE-B329-98881DD72E60}
		{11B9B322-AAA7-4D4D-B69E-A5799F186A3A} = {9767FB9A-00C6-41FE-B329-98881DD72E60}
		{F890F670-3D32-4ED6-95FD-C7471DA59D78} = {5F718ED4-49BF-4BC4-8453-F024E2041348}
		{2A08B252-BE84-4707-84AE-C48DE829DB8F} = {5F718ED4-49BF-4BC4-8453-F024E2041348}
	EndGlobalSection
	GlobalSection(ExtensibilityGlobals) = postSolution
		SolutionGuid = {25559A5A-DB4E-4087-A547-A6D870767FFF}
	EndGlobalSection
EndGlobal
